// !$*UTF8*$!
{
	archiveVersion = 1;
	classes = {
	};
	objectVersion = 54;
	objects = {

/* Begin PBXBuildFile section */
		00E356F31AD99517003FC87E /* HelloWorldTests.m in Sources */ = {isa = PBXBuildFile; fileRef = 00E356F21AD99517003FC87E /* HelloWorldTests.m */; };
		13B07FBC1A68108700A75B9A /* AppDelegate.m in Sources */ = {isa = PBXBuildFile; fileRef = 13B07FB01A68108700A75B9A /* AppDelegate.m */; };
		13B07FBF1A68108700A75B9A /* Images.xcassets in Resources */ = {isa = PBXBuildFile; fileRef = 13B07FB51A68108700A75B9A /* Images.xcassets */; };
		13B07FC11A68108700A75B9A /* main.m in Sources */ = {isa = PBXBuildFile; fileRef = 13B07FB71A68108700A75B9A /* main.m */; };
		19FFC1DB791647F3962AA749 /* RobotoMono-Thin.ttf in Resources */ = {isa = PBXBuildFile; fileRef = 3541AEB345614495A04E21E9 /* RobotoMono-Thin.ttf */; };
		1B78DCB0587345AA82E22BC2 /* RobotoMono-Italic.ttf in Resources */ = {isa = PBXBuildFile; fileRef = 24AB47855AA24C48BC571619 /* RobotoMono-Italic.ttf */; };
		3DB098E9E5B14D32ABE9934C /* RobotoMono-VariableFont_wght.ttf in Resources */ = {isa = PBXBuildFile; fileRef = 53B8EA94AFDA49DD825B7E7F /* RobotoMono-VariableFont_wght.ttf */; };
		41440574318747ACB65187C0 /* RobotoMono-ExtraLightItalic.ttf in Resources */ = {isa = PBXBuildFile; fileRef = CC980451C4934EBE81DA0889 /* RobotoMono-ExtraLightItalic.ttf */; };
		4DBC25FD3F1A3DD2748275B3 /* libPods-HelloWorld-OneSignalNotificationServiceExtension.a in Frameworks */ = {isa = PBXBuildFile; fileRef = C16EA7C5EE0B4910A4D81AA8 /* libPods-HelloWorld-OneSignalNotificationServiceExtension.a */; };
		5D61F0062794B64500F1B349 /* AppDelegate.m in Sources */ = {isa = PBXBuildFile; fileRef = 13B07FB01A68108700A75B9A /* AppDelegate.m */; };
		5D61F0072794B64500F1B349 /* File.swift in Sources */ = {isa = PBXBuildFile; fileRef = B6783F3A26532CA4005F0881 /* File.swift */; };
		5D61F0082794B64500F1B349 /* main.m in Sources */ = {isa = PBXBuildFile; fileRef = 13B07FB71A68108700A75B9A /* main.m */; };
		5D61F00C2794B64500F1B349 /* BootSplash.storyboard in Resources */ = {isa = PBXBuildFile; fileRef = B64AC7902650876F00C5840B /* BootSplash.storyboard */; };
		5D61F00D2794B64500F1B349 /* Images.xcassets in Resources */ = {isa = PBXBuildFile; fileRef = 13B07FB51A68108700A75B9A /* Images.xcassets */; };
		5D61F00E2794B64500F1B349 /* RobotoMono-Italic-VariableFont_wght.ttf in Resources */ = {isa = PBXBuildFile; fileRef = 70D2722E093348C5A1EBC82A /* RobotoMono-Italic-VariableFont_wght.ttf */; };
		5D61F00F2794B64500F1B349 /* RobotoMono-VariableFont_wght.ttf in Resources */ = {isa = PBXBuildFile; fileRef = 53B8EA94AFDA49DD825B7E7F /* RobotoMono-VariableFont_wght.ttf */; };
		5D61F0102794B64500F1B349 /* RobotoMono-Bold.ttf in Resources */ = {isa = PBXBuildFile; fileRef = DE8E7546C9D24AB2ABE18B12 /* RobotoMono-Bold.ttf */; };
		5D61F0112794B64500F1B349 /* RobotoMono-BoldItalic.ttf in Resources */ = {isa = PBXBuildFile; fileRef = 15CEFBF4C6404ED38E614683 /* RobotoMono-BoldItalic.ttf */; };
		5D61F0122794B64500F1B349 /* RobotoMono-ExtraLight.ttf in Resources */ = {isa = PBXBuildFile; fileRef = 8D51BF3BA9814ABD93C17E7E /* RobotoMono-ExtraLight.ttf */; };
		5D61F0132794B64500F1B349 /* RobotoMono-ExtraLightItalic.ttf in Resources */ = {isa = PBXBuildFile; fileRef = CC980451C4934EBE81DA0889 /* RobotoMono-ExtraLightItalic.ttf */; };
		5D61F0142794B64500F1B349 /* RobotoMono-Italic.ttf in Resources */ = {isa = PBXBuildFile; fileRef = 24AB47855AA24C48BC571619 /* RobotoMono-Italic.ttf */; };
		5D61F0152794B64500F1B349 /* RobotoMono-Light.ttf in Resources */ = {isa = PBXBuildFile; fileRef = E3059629005F4024860B9CDD /* RobotoMono-Light.ttf */; };
		5D61F0162794B64500F1B349 /* RobotoMono-LightItalic.ttf in Resources */ = {isa = PBXBuildFile; fileRef = 77A122E53D4E49D8981750BB /* RobotoMono-LightItalic.ttf */; };
		5D61F0172794B64500F1B349 /* RobotoMono-Medium.ttf in Resources */ = {isa = PBXBuildFile; fileRef = 5E853DE12FEB4E9CB538EA31 /* RobotoMono-Medium.ttf */; };
		5D61F0182794B64500F1B349 /* RobotoMono-MediumItalic.ttf in Resources */ = {isa = PBXBuildFile; fileRef = 0F7AEB6EC9E44A3FA7DD62E3 /* RobotoMono-MediumItalic.ttf */; };
		5D61F0192794B64500F1B349 /* RobotoMono-Regular.ttf in Resources */ = {isa = PBXBuildFile; fileRef = AC41F965F72140BAA7C5AD98 /* RobotoMono-Regular.ttf */; };
		5D61F01A2794B64500F1B349 /* RobotoMono-SemiBold.ttf in Resources */ = {isa = PBXBuildFile; fileRef = FB47C01CA33248C1A83C5D9D /* RobotoMono-SemiBold.ttf */; };
		5D61F01B2794B64500F1B349 /* RobotoMono-SemiBoldItalic.ttf in Resources */ = {isa = PBXBuildFile; fileRef = 1F7997C2F8D843288504B7AF /* RobotoMono-SemiBoldItalic.ttf */; };
		5D61F01C2794B64500F1B349 /* RobotoMono-Thin.ttf in Resources */ = {isa = PBXBuildFile; fileRef = 3541AEB345614495A04E21E9 /* RobotoMono-Thin.ttf */; };
		5D61F01D2794B64500F1B349 /* RobotoMono-ThinItalic.ttf in Resources */ = {isa = PBXBuildFile; fileRef = 488EEB90E33B4A9AB059C109 /* RobotoMono-ThinItalic.ttf */; };
		5D61F0202794B64500F1B349 /* OneSignalNotificationServiceExtension.appex in Embed App Extensions */ = {isa = PBXBuildFile; fileRef = B6C52067265A7ADE00C87CEA /* OneSignalNotificationServiceExtension.appex */; settings = {ATTRIBUTES = (RemoveHeadersOnCopy, ); }; };
		68E96F4B4A4D4C8485395456 /* RobotoMono-Bold.ttf in Resources */ = {isa = PBXBuildFile; fileRef = DE8E7546C9D24AB2ABE18B12 /* RobotoMono-Bold.ttf */; };
		6A7B0842D9B440788B4B175B /* RobotoMono-BoldItalic.ttf in Resources */ = {isa = PBXBuildFile; fileRef = 15CEFBF4C6404ED38E614683 /* RobotoMono-BoldItalic.ttf */; };
		7224105D10AE4A1DB3ECB443 /* RobotoMono-SemiBold.ttf in Resources */ = {isa = PBXBuildFile; fileRef = FB47C01CA33248C1A83C5D9D /* RobotoMono-SemiBold.ttf */; };
		72AF4FF147088703E96F30F6 /* libPods-HelloWorldTests.a in Frameworks */ = {isa = PBXBuildFile; fileRef = 8713FA6EBD17C0C9BC4524FD /* libPods-HelloWorldTests.a */; };
		78500174840A4B65B77B8CED /* RobotoMono-ExtraLight.ttf in Resources */ = {isa = PBXBuildFile; fileRef = 8D51BF3BA9814ABD93C17E7E /* RobotoMono-ExtraLight.ttf */; };
		7B110DB2F39B48B0832460E4 /* RobotoMono-Medium.ttf in Resources */ = {isa = PBXBuildFile; fileRef = 5E853DE12FEB4E9CB538EA31 /* RobotoMono-Medium.ttf */; };
		8452E0DEF3C64161890DA05D /* RobotoMono-ThinItalic.ttf in Resources */ = {isa = PBXBuildFile; fileRef = 488EEB90E33B4A9AB059C109 /* RobotoMono-ThinItalic.ttf */; };
		896AA6A0779B4114A08CB927 /* RobotoMono-LightItalic.ttf in Resources */ = {isa = PBXBuildFile; fileRef = 77A122E53D4E49D8981750BB /* RobotoMono-LightItalic.ttf */; };
		933829EF1EF7402DAF0A9A86 /* RobotoMono-Italic-VariableFont_wght.ttf in Resources */ = {isa = PBXBuildFile; fileRef = 70D2722E093348C5A1EBC82A /* RobotoMono-Italic-VariableFont_wght.ttf */; };
		ADE9D5C2F73941B882D38969 /* RobotoMono-SemiBoldItalic.ttf in Resources */ = {isa = PBXBuildFile; fileRef = 1F7997C2F8D843288504B7AF /* RobotoMono-SemiBoldItalic.ttf */; };
		ADF1E12FFA29126118A208F4 /* libPods-HelloWorld.a in Frameworks */ = {isa = PBXBuildFile; fileRef = FE8E97EE46AE8E8C6C7D050C /* libPods-HelloWorld.a */; };
		AE9217B3FC39464CBE495E38 /* RobotoMono-MediumItalic.ttf in Resources */ = {isa = PBXBuildFile; fileRef = 0F7AEB6EC9E44A3FA7DD62E3 /* RobotoMono-MediumItalic.ttf */; };
		B64AC7912650876F00C5840B /* BootSplash.storyboard in Resources */ = {isa = PBXBuildFile; fileRef = B64AC7902650876F00C5840B /* BootSplash.storyboard */; };
		B6783F3B26532CA4005F0881 /* File.swift in Sources */ = {isa = PBXBuildFile; fileRef = B6783F3A26532CA4005F0881 /* File.swift */; };
		B6C5206A265A7ADE00C87CEA /* NotificationService.swift in Sources */ = {isa = PBXBuildFile; fileRef = B6C52069265A7ADE00C87CEA /* NotificationService.swift */; };
		B6C5206E265A7ADE00C87CEA /* OneSignalNotificationServiceExtension.appex in Embed App Extensions */ = {isa = PBXBuildFile; fileRef = B6C52067265A7ADE00C87CEA /* OneSignalNotificationServiceExtension.appex */; settings = {ATTRIBUTES = (RemoveHeadersOnCopy, ); }; };
		E1B6189F80054286927D5380 /* RobotoMono-Regular.ttf in Resources */ = {isa = PBXBuildFile; fileRef = AC41F965F72140BAA7C5AD98 /* RobotoMono-Regular.ttf */; };
		F51E70A948F30373D5924CBC /* libPods-HelloWorld Dev.a in Frameworks */ = {isa = PBXBuildFile; fileRef = D6877E636BAE5BC82FDA3B1A /* libPods-HelloWorld Dev.a */; };
		FAAFF0ED3A2A41A9AFB8B6F1 /* RobotoMono-Light.ttf in Resources */ = {isa = PBXBuildFile; fileRef = E3059629005F4024860B9CDD /* RobotoMono-Light.ttf */; };
/* End PBXBuildFile section */

/* Begin PBXContainerItemProxy section */
		00E356F41AD99517003FC87E /* PBXContainerItemProxy */ = {
			isa = PBXContainerItemProxy;
			containerPortal = 83CBB9F71A601CBA00E9B192 /* Project object */;
			proxyType = 1;
			remoteGlobalIDString = 13B07F861A680F5B00A75B9A;
			remoteInfo = HelloWorld;
		};
		5D61F0022794B64500F1B349 /* PBXContainerItemProxy */ = {
			isa = PBXContainerItemProxy;
			containerPortal = 83CBB9F71A601CBA00E9B192 /* Project object */;
			proxyType = 1;
			remoteGlobalIDString = B6C52066265A7ADE00C87CEA;
			remoteInfo = OneSignalNotificationServiceExtension;
		};
		B6C5206C265A7ADE00C87CEA /* PBXContainerItemProxy */ = {
			isa = PBXContainerItemProxy;
			containerPortal = 83CBB9F71A601CBA00E9B192 /* Project object */;
			proxyType = 1;
			remoteGlobalIDString = B6C52066265A7ADE00C87CEA;
			remoteInfo = OneSignalNotificationServiceExtension;
		};
/* End PBXContainerItemProxy section */

/* Begin PBXCopyFilesBuildPhase section */
		5D61F01F2794B64500F1B349 /* Embed App Extensions */ = {
			isa = PBXCopyFilesBuildPhase;
			buildActionMask = 2147483647;
			dstPath = "";
			dstSubfolderSpec = 13;
			files = (
				5D61F0202794B64500F1B349 /* OneSignalNotificationServiceExtension.appex in Embed App Extensions */,
			);
			name = "Embed App Extensions";
			runOnlyForDeploymentPostprocessing = 0;
		};
		B6C52072265A7ADE00C87CEA /* Embed App Extensions */ = {
			isa = PBXCopyFilesBuildPhase;
			buildActionMask = 2147483647;
			dstPath = "";
			dstSubfolderSpec = 13;
			files = (
				B6C5206E265A7ADE00C87CEA /* OneSignalNotificationServiceExtension.appex in Embed App Extensions */,
			);
			name = "Embed App Extensions";
			runOnlyForDeploymentPostprocessing = 0;
		};
/* End PBXCopyFilesBuildPhase section */

/* Begin PBXFileReference section */
		00E356EE1AD99517003FC87E /* HelloWorldTests.xctest */ = {isa = PBXFileReference; explicitFileType = wrapper.cfbundle; includeInIndex = 0; path = HelloWorldTests.xctest; sourceTree = BUILT_PRODUCTS_DIR; };
		00E356F11AD99517003FC87E /* Info.plist */ = {isa = PBXFileReference; lastKnownFileType = text.plist.xml; path = Info.plist; sourceTree = "<group>"; };
		00E356F21AD99517003FC87E /* HelloWorldTests.m */ = {isa = PBXFileReference; lastKnownFileType = sourcecode.c.objc; path = HelloWorldTests.m; sourceTree = "<group>"; };
		0F7AEB6EC9E44A3FA7DD62E3 /* RobotoMono-MediumItalic.ttf */ = {isa = PBXFileReference; explicitFileType = undefined; fileEncoding = 9; includeInIndex = 0; lastKnownFileType = unknown; name = "RobotoMono-MediumItalic.ttf"; path = "../assets/fonts/static/RobotoMono-MediumItalic.ttf"; sourceTree = "<group>"; };
		13B07F961A680F5B00A75B9A /* HelloWorld.app */ = {isa = PBXFileReference; explicitFileType = wrapper.application; includeInIndex = 0; path = HelloWorld.app; sourceTree = BUILT_PRODUCTS_DIR; };
		13B07FAF1A68108700A75B9A /* AppDelegate.h */ = {isa = PBXFileReference; fileEncoding = 4; lastKnownFileType = sourcecode.c.h; name = AppDelegate.h; path = HelloWorld/AppDelegate.h; sourceTree = "<group>"; };
		13B07FB01A68108700A75B9A /* AppDelegate.m */ = {isa = PBXFileReference; fileEncoding = 4; lastKnownFileType = sourcecode.c.objc; name = AppDelegate.m; path = HelloWorld/AppDelegate.m; sourceTree = "<group>"; };
		13B07FB51A68108700A75B9A /* Images.xcassets */ = {isa = PBXFileReference; lastKnownFileType = folder.assetcatalog; name = Images.xcassets; path = HelloWorld/Images.xcassets; sourceTree = "<group>"; };
		13B07FB61A68108700A75B9A /* Info.plist */ = {isa = PBXFileReference; fileEncoding = 4; lastKnownFileType = text.plist.xml; name = Info.plist; path = HelloWorld/Info.plist; sourceTree = "<group>"; };
		13B07FB71A68108700A75B9A /* main.m */ = {isa = PBXFileReference; fileEncoding = 4; lastKnownFileType = sourcecode.c.objc; name = main.m; path = HelloWorld/main.m; sourceTree = "<group>"; };
		15CEFBF4C6404ED38E614683 /* RobotoMono-BoldItalic.ttf */ = {isa = PBXFileReference; explicitFileType = undefined; fileEncoding = 9; includeInIndex = 0; lastKnownFileType = unknown; name = "RobotoMono-BoldItalic.ttf"; path = "../assets/fonts/static/RobotoMono-BoldItalic.ttf"; sourceTree = "<group>"; };
		1925ADCB086500FC819FC19D /* Pods-HelloWorld-OneSignalNotificationServiceExtension.debug.xcconfig */ = {isa = PBXFileReference; includeInIndex = 1; lastKnownFileType = text.xcconfig; name = "Pods-HelloWorld-OneSignalNotificationServiceExtension.debug.xcconfig"; path = "Target Support Files/Pods-HelloWorld-OneSignalNotificationServiceExtension/Pods-HelloWorld-OneSignalNotificationServiceExtension.debug.xcconfig"; sourceTree = "<group>"; };
		1F7997C2F8D843288504B7AF /* RobotoMono-SemiBoldItalic.ttf */ = {isa = PBXFileReference; explicitFileType = undefined; fileEncoding = 9; includeInIndex = 0; lastKnownFileType = unknown; name = "RobotoMono-SemiBoldItalic.ttf"; path = "../assets/fonts/static/RobotoMono-SemiBoldItalic.ttf"; sourceTree = "<group>"; };
		24AB47855AA24C48BC571619 /* RobotoMono-Italic.ttf */ = {isa = PBXFileReference; explicitFileType = undefined; fileEncoding = 9; includeInIndex = 0; lastKnownFileType = unknown; name = "RobotoMono-Italic.ttf"; path = "../assets/fonts/static/RobotoMono-Italic.ttf"; sourceTree = "<group>"; };
		31186566468DF61657B1BF30 /* Pods-HelloWorld Dev.release.xcconfig */ = {isa = PBXFileReference; includeInIndex = 1; lastKnownFileType = text.xcconfig; name = "Pods-HelloWorld Dev.release.xcconfig"; path = "Target Support Files/Pods-HelloWorld Dev/Pods-HelloWorld Dev.release.xcconfig"; sourceTree = "<group>"; };
		3541AEB345614495A04E21E9 /* RobotoMono-Thin.ttf */ = {isa = PBXFileReference; explicitFileType = undefined; fileEncoding = 9; includeInIndex = 0; lastKnownFileType = unknown; name = "RobotoMono-Thin.ttf"; path = "../assets/fonts/static/RobotoMono-Thin.ttf"; sourceTree = "<group>"; };
		36CAC98F54FB43F1B3EA5246 /* Zocial.ttf */ = {isa = PBXFileReference; explicitFileType = undefined; fileEncoding = 9; includeInIndex = 0; lastKnownFileType = unknown; name = Zocial.ttf; path = "../node_modules/react-native-vector-icons/Fonts/Zocial.ttf"; sourceTree = "<group>"; };
		3DEC77E0F75189F1FC8A2332 /* Pods-HelloWorld Dev.debug.xcconfig */ = {isa = PBXFileReference; includeInIndex = 1; lastKnownFileType = text.xcconfig; name = "Pods-HelloWorld Dev.debug.xcconfig"; path = "Target Support Files/Pods-HelloWorld Dev/Pods-HelloWorld Dev.debug.xcconfig"; sourceTree = "<group>"; };
		488EEB90E33B4A9AB059C109 /* RobotoMono-ThinItalic.ttf */ = {isa = PBXFileReference; explicitFileType = undefined; fileEncoding = 9; includeInIndex = 0; lastKnownFileType = unknown; name = "RobotoMono-ThinItalic.ttf"; path = "../assets/fonts/static/RobotoMono-ThinItalic.ttf"; sourceTree = "<group>"; };
		53B8EA94AFDA49DD825B7E7F /* RobotoMono-VariableFont_wght.ttf */ = {isa = PBXFileReference; explicitFileType = undefined; fileEncoding = 9; includeInIndex = 0; lastKnownFileType = unknown; name = "RobotoMono-VariableFont_wght.ttf"; path = "../assets/fonts/RobotoMono-VariableFont_wght.ttf"; sourceTree = "<group>"; };
		5D61F0262794B64500F1B349 /* HelloWorldDev.app */ = {isa = PBXFileReference; explicitFileType = wrapper.application; includeInIndex = 0; path = HelloWorldDev.app; sourceTree = BUILT_PRODUCTS_DIR; };
		5D61F0282794BEA600F1B349 /* libreact-native-onesignal.a */ = {isa = PBXFileReference; explicitFileType = archive.ar; path = "libreact-native-onesignal.a"; sourceTree = BUILT_PRODUCTS_DIR; };
		5E853DE12FEB4E9CB538EA31 /* RobotoMono-Medium.ttf */ = {isa = PBXFileReference; explicitFileType = undefined; fileEncoding = 9; includeInIndex = 0; lastKnownFileType = unknown; name = "RobotoMono-Medium.ttf"; path = "../assets/fonts/static/RobotoMono-Medium.ttf"; sourceTree = "<group>"; };
		62D2BB8E11DF41E58107F357 /* FontAwesome.ttf */ = {isa = PBXFileReference; explicitFileType = undefined; fileEncoding = 9; includeInIndex = 0; lastKnownFileType = unknown; name = FontAwesome.ttf; path = "../node_modules/react-native-vector-icons/Fonts/FontAwesome.ttf"; sourceTree = "<group>"; };
		70D2722E093348C5A1EBC82A /* RobotoMono-Italic-VariableFont_wght.ttf */ = {isa = PBXFileReference; explicitFileType = undefined; fileEncoding = 9; includeInIndex = 0; lastKnownFileType = unknown; name = "RobotoMono-Italic-VariableFont_wght.ttf"; path = "../assets/fonts/RobotoMono-Italic-VariableFont_wght.ttf"; sourceTree = "<group>"; };
		7323D76BCAB0398B0B58703C /* Pods-HelloWorldTests.debug.xcconfig */ = {isa = PBXFileReference; includeInIndex = 1; lastKnownFileType = text.xcconfig; name = "Pods-HelloWorldTests.debug.xcconfig"; path = "Target Support Files/Pods-HelloWorldTests/Pods-HelloWorldTests.debug.xcconfig"; sourceTree = "<group>"; };
		77A122E53D4E49D8981750BB /* RobotoMono-LightItalic.ttf */ = {isa = PBXFileReference; explicitFileType = undefined; fileEncoding = 9; includeInIndex = 0; lastKnownFileType = unknown; name = "RobotoMono-LightItalic.ttf"; path = "../assets/fonts/static/RobotoMono-LightItalic.ttf"; sourceTree = "<group>"; };
		782E534E61899D3386B976BE /* Pods-HelloWorld.release.xcconfig */ = {isa = PBXFileReference; includeInIndex = 1; lastKnownFileType = text.xcconfig; name = "Pods-HelloWorld.release.xcconfig"; path = "Target Support Files/Pods-HelloWorld/Pods-HelloWorld.release.xcconfig"; sourceTree = "<group>"; };
		7D6130DED4D975D2CA0647A0 /* Pods-HelloWorld.debug.xcconfig */ = {isa = PBXFileReference; includeInIndex = 1; lastKnownFileType = text.xcconfig; name = "Pods-HelloWorld.debug.xcconfig"; path = "Target Support Files/Pods-HelloWorld/Pods-HelloWorld.debug.xcconfig"; sourceTree = "<group>"; };
		83AA400F251B49ABB459A7C0 /* AntDesign.ttf */ = {isa = PBXFileReference; explicitFileType = undefined; fileEncoding = 9; includeInIndex = 0; lastKnownFileType = unknown; name = AntDesign.ttf; path = "../node_modules/react-native-vector-icons/Fonts/AntDesign.ttf"; sourceTree = "<group>"; };
		8713FA6EBD17C0C9BC4524FD /* libPods-HelloWorldTests.a */ = {isa = PBXFileReference; explicitFileType = archive.ar; includeInIndex = 0; path = "libPods-HelloWorldTests.a"; sourceTree = BUILT_PRODUCTS_DIR; };
		8A3747772A274B188D4E1EF3 /* Entypo.ttf */ = {isa = PBXFileReference; explicitFileType = undefined; fileEncoding = 9; includeInIndex = 0; lastKnownFileType = unknown; name = Entypo.ttf; path = "../node_modules/react-native-vector-icons/Fonts/Entypo.ttf"; sourceTree = "<group>"; };
		8D51BF3BA9814ABD93C17E7E /* RobotoMono-ExtraLight.ttf */ = {isa = PBXFileReference; explicitFileType = undefined; fileEncoding = 9; includeInIndex = 0; lastKnownFileType = unknown; name = "RobotoMono-ExtraLight.ttf"; path = "../assets/fonts/static/RobotoMono-ExtraLight.ttf"; sourceTree = "<group>"; };
		8D7F6A84A9D84C92B033531A /* FontAwesome5_Solid.ttf */ = {isa = PBXFileReference; explicitFileType = undefined; fileEncoding = 9; includeInIndex = 0; lastKnownFileType = unknown; name = FontAwesome5_Solid.ttf; path = "../node_modules/react-native-vector-icons/Fonts/FontAwesome5_Solid.ttf"; sourceTree = "<group>"; };
		98E19A870A1C45C8B779D003 /* Fontisto.ttf */ = {isa = PBXFileReference; explicitFileType = undefined; fileEncoding = 9; includeInIndex = 0; lastKnownFileType = unknown; name = Fontisto.ttf; path = "../node_modules/react-native-vector-icons/Fonts/Fontisto.ttf"; sourceTree = "<group>"; };
		9B8679F2AAA44AEAB21BAEE9 /* Feather.ttf */ = {isa = PBXFileReference; explicitFileType = undefined; fileEncoding = 9; includeInIndex = 0; lastKnownFileType = unknown; name = Feather.ttf; path = "../node_modules/react-native-vector-icons/Fonts/Feather.ttf"; sourceTree = "<group>"; };
		A8A5C1DB48B1C334894F84FE /* Pods-HelloWorld-OneSignalNotificationServiceExtension.release.xcconfig */ = {isa = PBXFileReference; includeInIndex = 1; lastKnownFileType = text.xcconfig; name = "Pods-HelloWorld-OneSignalNotificationServiceExtension.release.xcconfig"; path = "Target Support Files/Pods-HelloWorld-OneSignalNotificationServiceExtension/Pods-HelloWorld-OneSignalNotificationServiceExtension.release.xcconfig"; sourceTree = "<group>"; };
		AA81E38E5A664BD58D7980AA /* MaterialIcons.ttf */ = {isa = PBXFileReference; explicitFileType = undefined; fileEncoding = 9; includeInIndex = 0; lastKnownFileType = unknown; name = MaterialIcons.ttf; path = "../node_modules/react-native-vector-icons/Fonts/MaterialIcons.ttf"; sourceTree = "<group>"; };
		AC41F965F72140BAA7C5AD98 /* RobotoMono-Regular.ttf */ = {isa = PBXFileReference; explicitFileType = undefined; fileEncoding = 9; includeInIndex = 0; lastKnownFileType = unknown; name = "RobotoMono-Regular.ttf"; path = "../assets/fonts/static/RobotoMono-Regular.ttf"; sourceTree = "<group>"; };
		B62F072A089B4EB0ADD7DF91 /* Octicons.ttf */ = {isa = PBXFileReference; explicitFileType = undefined; fileEncoding = 9; includeInIndex = 0; lastKnownFileType = unknown; name = Octicons.ttf; path = "../node_modules/react-native-vector-icons/Fonts/Octicons.ttf"; sourceTree = "<group>"; };
		B64AC7902650876F00C5840B /* BootSplash.storyboard */ = {isa = PBXFileReference; fileEncoding = 4; lastKnownFileType = file.storyboard; name = BootSplash.storyboard; path = HelloWorld/BootSplash.storyboard; sourceTree = "<group>"; };
		B6783F3926532CA4005F0881 /* HelloWorld-Bridging-Header.h */ = {isa = PBXFileReference; lastKnownFileType = sourcecode.c.h; path = "HelloWorld-Bridging-Header.h"; sourceTree = "<group>"; };
		B6783F3A26532CA4005F0881 /* File.swift */ = {isa = PBXFileReference; lastKnownFileType = sourcecode.swift; name = File.swift; path = HelloWorld/File.swift; sourceTree = "<group>"; };
		B6C52062265A7A8C00C87CEA /* HelloWorld.entitlements */ = {isa = PBXFileReference; lastKnownFileType = text.plist.entitlements; name = HelloWorld.entitlements; path = HelloWorld/HelloWorld.entitlements; sourceTree = "<group>"; };
		B6C52067265A7ADE00C87CEA /* OneSignalNotificationServiceExtension.appex */ = {isa = PBXFileReference; explicitFileType = "wrapper.app-extension"; includeInIndex = 0; path = OneSignalNotificationServiceExtension.appex; sourceTree = BUILT_PRODUCTS_DIR; };
		B6C52069265A7ADE00C87CEA /* NotificationService.swift */ = {isa = PBXFileReference; lastKnownFileType = sourcecode.swift; path = NotificationService.swift; sourceTree = "<group>"; };
		B6C5206B265A7ADE00C87CEA /* Info.plist */ = {isa = PBXFileReference; lastKnownFileType = text.plist.xml; path = Info.plist; sourceTree = "<group>"; };
		B6C7DA248AB54E089D4F83B0 /* SimpleLineIcons.ttf */ = {isa = PBXFileReference; explicitFileType = undefined; fileEncoding = 9; includeInIndex = 0; lastKnownFileType = unknown; name = SimpleLineIcons.ttf; path = "../node_modules/react-native-vector-icons/Fonts/SimpleLineIcons.ttf"; sourceTree = "<group>"; };
		C16EA7C5EE0B4910A4D81AA8 /* libPods-HelloWorld-OneSignalNotificationServiceExtension.a */ = {isa = PBXFileReference; explicitFileType = archive.ar; includeInIndex = 0; path = "libPods-HelloWorld-OneSignalNotificationServiceExtension.a"; sourceTree = BUILT_PRODUCTS_DIR; };
		C6036E076B914AC79FBB0A9E /* EvilIcons.ttf */ = {isa = PBXFileReference; explicitFileType = undefined; fileEncoding = 9; includeInIndex = 0; lastKnownFileType = unknown; name = EvilIcons.ttf; path = "../node_modules/react-native-vector-icons/Fonts/EvilIcons.ttf"; sourceTree = "<group>"; };
		C642251FBC764C76811A557C /* FontAwesome5_Brands.ttf */ = {isa = PBXFileReference; explicitFileType = undefined; fileEncoding = 9; includeInIndex = 0; lastKnownFileType = unknown; name = FontAwesome5_Brands.ttf; path = "../node_modules/react-native-vector-icons/Fonts/FontAwesome5_Brands.ttf"; sourceTree = "<group>"; };
		CC980451C4934EBE81DA0889 /* RobotoMono-ExtraLightItalic.ttf */ = {isa = PBXFileReference; explicitFileType = undefined; fileEncoding = 9; includeInIndex = 0; lastKnownFileType = unknown; name = "RobotoMono-ExtraLightItalic.ttf"; path = "../assets/fonts/static/RobotoMono-ExtraLightItalic.ttf"; sourceTree = "<group>"; };
		D0EC41756688410BB08FD3AD /* MaterialCommunityIcons.ttf */ = {isa = PBXFileReference; explicitFileType = undefined; fileEncoding = 9; includeInIndex = 0; lastKnownFileType = unknown; name = MaterialCommunityIcons.ttf; path = "../node_modules/react-native-vector-icons/Fonts/MaterialCommunityIcons.ttf"; sourceTree = "<group>"; };
		D514854D225EBB2E9DA9E658 /* Pods-HelloWorldTests.release.xcconfig */ = {isa = PBXFileReference; includeInIndex = 1; lastKnownFileType = text.xcconfig; name = "Pods-HelloWorldTests.release.xcconfig"; path = "Target Support Files/Pods-HelloWorldTests/Pods-HelloWorldTests.release.xcconfig"; sourceTree = "<group>"; };
		D5F438010E7A47E9BEE71329 /* Ionicons.ttf */ = {isa = PBXFileReference; explicitFileType = undefined; fileEncoding = 9; includeInIndex = 0; lastKnownFileType = unknown; name = Ionicons.ttf; path = "../node_modules/react-native-vector-icons/Fonts/Ionicons.ttf"; sourceTree = "<group>"; };
		D6877E636BAE5BC82FDA3B1A /* libPods-HelloWorld Dev.a */ = {isa = PBXFileReference; explicitFileType = archive.ar; includeInIndex = 0; path = "libPods-HelloWorld Dev.a"; sourceTree = BUILT_PRODUCTS_DIR; };
		DE8E7546C9D24AB2ABE18B12 /* RobotoMono-Bold.ttf */ = {isa = PBXFileReference; explicitFileType = undefined; fileEncoding = 9; includeInIndex = 0; lastKnownFileType = unknown; name = "RobotoMono-Bold.ttf"; path = "../assets/fonts/static/RobotoMono-Bold.ttf"; sourceTree = "<group>"; };
		E3059629005F4024860B9CDD /* RobotoMono-Light.ttf */ = {isa = PBXFileReference; explicitFileType = undefined; fileEncoding = 9; includeInIndex = 0; lastKnownFileType = unknown; name = "RobotoMono-Light.ttf"; path = "../assets/fonts/static/RobotoMono-Light.ttf"; sourceTree = "<group>"; };
		ED297162215061F000B7C4FE /* JavaScriptCore.framework */ = {isa = PBXFileReference; lastKnownFileType = wrapper.framework; name = JavaScriptCore.framework; path = System/Library/Frameworks/JavaScriptCore.framework; sourceTree = SDKROOT; };
		EFDEB45A1BF9494B996CE701 /* Foundation.ttf */ = {isa = PBXFileReference; explicitFileType = undefined; fileEncoding = 9; includeInIndex = 0; lastKnownFileType = unknown; name = Foundation.ttf; path = "../node_modules/react-native-vector-icons/Fonts/Foundation.ttf"; sourceTree = "<group>"; };
		FB47C01CA33248C1A83C5D9D /* RobotoMono-SemiBold.ttf */ = {isa = PBXFileReference; explicitFileType = undefined; fileEncoding = 9; includeInIndex = 0; lastKnownFileType = unknown; name = "RobotoMono-SemiBold.ttf"; path = "../assets/fonts/static/RobotoMono-SemiBold.ttf"; sourceTree = "<group>"; };
		FCDD2F3773814705AEA6E947 /* FontAwesome5_Regular.ttf */ = {isa = PBXFileReference; explicitFileType = undefined; fileEncoding = 9; includeInIndex = 0; lastKnownFileType = unknown; name = FontAwesome5_Regular.ttf; path = "../node_modules/react-native-vector-icons/Fonts/FontAwesome5_Regular.ttf"; sourceTree = "<group>"; };
		FE8E97EE46AE8E8C6C7D050C /* libPods-HelloWorld.a */ = {isa = PBXFileReference; explicitFileType = archive.ar; includeInIndex = 0; path = "libPods-HelloWorld.a"; sourceTree = BUILT_PRODUCTS_DIR; };
/* End PBXFileReference section */

/* Begin PBXFrameworksBuildPhase section */
		00E356EB1AD99517003FC87E /* Frameworks */ = {
			isa = PBXFrameworksBuildPhase;
			buildActionMask = 2147483647;
			files = (
				72AF4FF147088703E96F30F6 /* libPods-HelloWorldTests.a in Frameworks */,
			);
			runOnlyForDeploymentPostprocessing = 0;
		};
		13B07F8C1A680F5B00A75B9A /* Frameworks */ = {
			isa = PBXFrameworksBuildPhase;
			buildActionMask = 2147483647;
			files = (
				ADF1E12FFA29126118A208F4 /* libPods-HelloWorld.a in Frameworks */,
			);
			runOnlyForDeploymentPostprocessing = 0;
		};
		5D61F0092794B64500F1B349 /* Frameworks */ = {
			isa = PBXFrameworksBuildPhase;
			buildActionMask = 2147483647;
			files = (
				F51E70A948F30373D5924CBC /* libPods-HelloWorld Dev.a in Frameworks */,
			);
			runOnlyForDeploymentPostprocessing = 0;
		};
		B6C52064265A7ADE00C87CEA /* Frameworks */ = {
			isa = PBXFrameworksBuildPhase;
			buildActionMask = 2147483647;
			files = (
				4DBC25FD3F1A3DD2748275B3 /* libPods-HelloWorld-OneSignalNotificationServiceExtension.a in Frameworks */,
			);
			runOnlyForDeploymentPostprocessing = 0;
		};
/* End PBXFrameworksBuildPhase section */

/* Begin PBXGroup section */
		00E356EF1AD99517003FC87E /* HelloWorldTests */ = {
			isa = PBXGroup;
			children = (
				00E356F21AD99517003FC87E /* HelloWorldTests.m */,
				00E356F01AD99517003FC87E /* Supporting Files */,
			);
			path = HelloWorldTests;
			sourceTree = "<group>";
		};
		00E356F01AD99517003FC87E /* Supporting Files */ = {
			isa = PBXGroup;
			children = (
				00E356F11AD99517003FC87E /* Info.plist */,
			);
			name = "Supporting Files";
			sourceTree = "<group>";
		};
		13B07FAE1A68108700A75B9A /* HelloWorld */ = {
			isa = PBXGroup;
			children = (
				B6C52062265A7A8C00C87CEA /* HelloWorld.entitlements */,
				13B07FAF1A68108700A75B9A /* AppDelegate.h */,
				13B07FB01A68108700A75B9A /* AppDelegate.m */,
				13B07FB51A68108700A75B9A /* Images.xcassets */,
				13B07FB61A68108700A75B9A /* Info.plist */,
				B64AC7902650876F00C5840B /* BootSplash.storyboard */,
				13B07FB71A68108700A75B9A /* main.m */,
				B6783F3A26532CA4005F0881 /* File.swift */,
				B6783F3926532CA4005F0881 /* HelloWorld-Bridging-Header.h */,
			);
			name = HelloWorld;
			sourceTree = "<group>";
		};
		2D16E6871FA4F8E400B85C8A /* Frameworks */ = {
			isa = PBXGroup;
			children = (
				5D61F0282794BEA600F1B349 /* libreact-native-onesignal.a */,
				ED297162215061F000B7C4FE /* JavaScriptCore.framework */,
				FE8E97EE46AE8E8C6C7D050C /* libPods-HelloWorld.a */,
				D6877E636BAE5BC82FDA3B1A /* libPods-HelloWorld Dev.a */,
				8713FA6EBD17C0C9BC4524FD /* libPods-HelloWorldTests.a */,
				C16EA7C5EE0B4910A4D81AA8 /* libPods-HelloWorld-OneSignalNotificationServiceExtension.a */,
			);
			name = Frameworks;
			sourceTree = "<group>";
		};
		523066C3662765D70188B7DD /* Pods */ = {
			isa = PBXGroup;
			children = (
				7D6130DED4D975D2CA0647A0 /* Pods-HelloWorld.debug.xcconfig */,
				782E534E61899D3386B976BE /* Pods-HelloWorld.release.xcconfig */,
				3DEC77E0F75189F1FC8A2332 /* Pods-HelloWorld Dev.debug.xcconfig */,
				31186566468DF61657B1BF30 /* Pods-HelloWorld Dev.release.xcconfig */,
				7323D76BCAB0398B0B58703C /* Pods-HelloWorldTests.debug.xcconfig */,
				D514854D225EBB2E9DA9E658 /* Pods-HelloWorldTests.release.xcconfig */,
				1925ADCB086500FC819FC19D /* Pods-HelloWorld-OneSignalNotificationServiceExtension.debug.xcconfig */,
				A8A5C1DB48B1C334894F84FE /* Pods-HelloWorld-OneSignalNotificationServiceExtension.release.xcconfig */,
			);
			path = Pods;
			sourceTree = "<group>";
		};
		7326F937F6764B2F9E995D0E /* Resources */ = {
			isa = PBXGroup;
			children = (
				83AA400F251B49ABB459A7C0 /* AntDesign.ttf */,
				8A3747772A274B188D4E1EF3 /* Entypo.ttf */,
				C6036E076B914AC79FBB0A9E /* EvilIcons.ttf */,
				9B8679F2AAA44AEAB21BAEE9 /* Feather.ttf */,
				62D2BB8E11DF41E58107F357 /* FontAwesome.ttf */,
				C642251FBC764C76811A557C /* FontAwesome5_Brands.ttf */,
				FCDD2F3773814705AEA6E947 /* FontAwesome5_Regular.ttf */,
				8D7F6A84A9D84C92B033531A /* FontAwesome5_Solid.ttf */,
				98E19A870A1C45C8B779D003 /* Fontisto.ttf */,
				EFDEB45A1BF9494B996CE701 /* Foundation.ttf */,
				D5F438010E7A47E9BEE71329 /* Ionicons.ttf */,
				D0EC41756688410BB08FD3AD /* MaterialCommunityIcons.ttf */,
				AA81E38E5A664BD58D7980AA /* MaterialIcons.ttf */,
				B62F072A089B4EB0ADD7DF91 /* Octicons.ttf */,
				B6C7DA248AB54E089D4F83B0 /* SimpleLineIcons.ttf */,
				36CAC98F54FB43F1B3EA5246 /* Zocial.ttf */,
				70D2722E093348C5A1EBC82A /* RobotoMono-Italic-VariableFont_wght.ttf */,
				53B8EA94AFDA49DD825B7E7F /* RobotoMono-VariableFont_wght.ttf */,
				DE8E7546C9D24AB2ABE18B12 /* RobotoMono-Bold.ttf */,
				15CEFBF4C6404ED38E614683 /* RobotoMono-BoldItalic.ttf */,
				8D51BF3BA9814ABD93C17E7E /* RobotoMono-ExtraLight.ttf */,
				CC980451C4934EBE81DA0889 /* RobotoMono-ExtraLightItalic.ttf */,
				24AB47855AA24C48BC571619 /* RobotoMono-Italic.ttf */,
				E3059629005F4024860B9CDD /* RobotoMono-Light.ttf */,
				77A122E53D4E49D8981750BB /* RobotoMono-LightItalic.ttf */,
				5E853DE12FEB4E9CB538EA31 /* RobotoMono-Medium.ttf */,
				0F7AEB6EC9E44A3FA7DD62E3 /* RobotoMono-MediumItalic.ttf */,
				AC41F965F72140BAA7C5AD98 /* RobotoMono-Regular.ttf */,
				FB47C01CA33248C1A83C5D9D /* RobotoMono-SemiBold.ttf */,
				1F7997C2F8D843288504B7AF /* RobotoMono-SemiBoldItalic.ttf */,
				3541AEB345614495A04E21E9 /* RobotoMono-Thin.ttf */,
				488EEB90E33B4A9AB059C109 /* RobotoMono-ThinItalic.ttf */,
			);
			name = Resources;
			sourceTree = "<group>";
		};
		832341AE1AAA6A7D00B99B32 /* Libraries */ = {
			isa = PBXGroup;
			children = (
			);
			name = Libraries;
			sourceTree = "<group>";
		};
		83CBB9F61A601CBA00E9B192 = {
			isa = PBXGroup;
			children = (
				13B07FAE1A68108700A75B9A /* HelloWorld */,
				832341AE1AAA6A7D00B99B32 /* Libraries */,
				00E356EF1AD99517003FC87E /* HelloWorldTests */,
				B6C52068265A7ADE00C87CEA /* OneSignalNotificationServiceExtension */,
				83CBBA001A601CBA00E9B192 /* Products */,
				2D16E6871FA4F8E400B85C8A /* Frameworks */,
				523066C3662765D70188B7DD /* Pods */,
				7326F937F6764B2F9E995D0E /* Resources */,
			);
			indentWidth = 2;
			sourceTree = "<group>";
			tabWidth = 2;
			usesTabs = 0;
		};
		83CBBA001A601CBA00E9B192 /* Products */ = {
			isa = PBXGroup;
			children = (
				13B07F961A680F5B00A75B9A /* HelloWorld.app */,
				00E356EE1AD99517003FC87E /* HelloWorldTests.xctest */,
				B6C52067265A7ADE00C87CEA /* OneSignalNotificationServiceExtension.appex */,
				5D61F0262794B64500F1B349 /* HelloWorldDev.app */,
			);
			name = Products;
			sourceTree = "<group>";
		};
		B6C52068265A7ADE00C87CEA /* OneSignalNotificationServiceExtension */ = {
			isa = PBXGroup;
			children = (
				B6C52069265A7ADE00C87CEA /* NotificationService.swift */,
				B6C5206B265A7ADE00C87CEA /* Info.plist */,
			);
			path = OneSignalNotificationServiceExtension;
			sourceTree = "<group>";
		};
/* End PBXGroup section */

/* Begin PBXNativeTarget section */
		00E356ED1AD99517003FC87E /* HelloWorldTests */ = {
			isa = PBXNativeTarget;
			buildConfigurationList = 00E357021AD99517003FC87E /* Build configuration list for PBXNativeTarget "HelloWorldTests" */;
			buildPhases = (
				C292E070BB86418386F322EE /* [CP] Check Pods Manifest.lock */,
				00E356EA1AD99517003FC87E /* Sources */,
				00E356EB1AD99517003FC87E /* Frameworks */,
				00E356EC1AD99517003FC87E /* Resources */,
				9EA019045EE43A7375A2E3BC /* [CP] Embed Pods Frameworks */,
				C2C08D9E92F3069822FA91BF /* [CP] Copy Pods Resources */,
			);
			buildRules = (
			);
			dependencies = (
				00E356F51AD99517003FC87E /* PBXTargetDependency */,
			);
			name = HelloWorldTests;
			productName = HelloWorldTests;
			productReference = 00E356EE1AD99517003FC87E /* HelloWorldTests.xctest */;
			productType = "com.apple.product-type.bundle.unit-test";
		};
		13B07F861A680F5B00A75B9A /* HelloWorld */ = {
			isa = PBXNativeTarget;
			buildConfigurationList = 13B07F931A680F5B00A75B9A /* Build configuration list for PBXNativeTarget "HelloWorld" */;
			buildPhases = (
				0E08660A3487E3E5368D53CA /* [CP] Check Pods Manifest.lock */,
				FD10A7F022414F080027D42C /* Start Packager */,
				13B07F871A680F5B00A75B9A /* Sources */,
				13B07F8C1A680F5B00A75B9A /* Frameworks */,
				13B07F8E1A680F5B00A75B9A /* Resources */,
				00DD1BFF1BD5951E006B06BC /* Bundle React Native code and images */,
				B6C52072265A7ADE00C87CEA /* Embed App Extensions */,
				4268C9ACBF5EB0F6CE8E5187 /* [CP] Embed Pods Frameworks */,
				B92A322F5BC412AB6E3510A0 /* [CP] Copy Pods Resources */,
			);
			buildRules = (
			);
			dependencies = (
				B6C5206D265A7ADE00C87CEA /* PBXTargetDependency */,
			);
			name = HelloWorld;
			productName = HelloWorld;
			productReference = 13B07F961A680F5B00A75B9A /* HelloWorld.app */;
			productType = "com.apple.product-type.application";
		};
		5D61F0002794B64500F1B349 /* HelloWorldDev */ = {
			isa = PBXNativeTarget;
			buildConfigurationList = 5D61F0232794B64500F1B349 /* Build configuration list for PBXNativeTarget "HelloWorldDev" */;
			buildPhases = (
				E0DF0FA6AF532C6262F0860A /* [CP] Check Pods Manifest.lock */,
				5D61F0042794B64500F1B349 /* Start Packager */,
				5D61F0052794B64500F1B349 /* Sources */,
				5D61F0092794B64500F1B349 /* Frameworks */,
				5D61F00B2794B64500F1B349 /* Resources */,
				5D61F01E2794B64500F1B349 /* Bundle React Native code and images */,
				5D61F01F2794B64500F1B349 /* Embed App Extensions */,
				2C7D72BC370A57B4DFF2C656 /* [CP] Embed Pods Frameworks */,
				6172FE08090ACE2248B7C98A /* [CP] Copy Pods Resources */,
			);
			buildRules = (
			);
			dependencies = (
				5D61F0012794B64500F1B349 /* PBXTargetDependency */,
			);
			name = HelloWorldDev;
			productName = HelloWorld;
			productReference = 5D61F0262794B64500F1B349 /* HelloWorldDev.app */;
			productType = "com.apple.product-type.application";
		};
		B6C52066265A7ADE00C87CEA /* OneSignalNotificationServiceExtension */ = {
			isa = PBXNativeTarget;
			buildConfigurationList = B6C5206F265A7ADE00C87CEA /* Build configuration list for PBXNativeTarget "OneSignalNotificationServiceExtension" */;
			buildPhases = (
				6B0EE47CFDD287ED6A89286F /* [CP] Check Pods Manifest.lock */,
				B6C52063265A7ADE00C87CEA /* Sources */,
				B6C52064265A7ADE00C87CEA /* Frameworks */,
				B6C52065265A7ADE00C87CEA /* Resources */,
				3794C6879AB533EAF2A98646 /* [CP] Copy Pods Resources */,
			);
			buildRules = (
			);
			dependencies = (
			);
			name = OneSignalNotificationServiceExtension;
			productName = OneSignalNotificationServiceExtension;
			productReference = B6C52067265A7ADE00C87CEA /* OneSignalNotificationServiceExtension.appex */;
			productType = "com.apple.product-type.app-extension";
		};
/* End PBXNativeTarget section */

/* Begin PBXProject section */
		83CBB9F71A601CBA00E9B192 /* Project object */ = {
			isa = PBXProject;
			attributes = {
				LastSwiftUpdateCheck = 1250;
				LastUpgradeCheck = 1250;
				TargetAttributes = {
					00E356ED1AD99517003FC87E = {
						CreatedOnToolsVersion = 6.2;
						TestTargetID = 13B07F861A680F5B00A75B9A;
					};
					13B07F861A680F5B00A75B9A = {
						LastSwiftMigration = 1250;
					};
					B6C52066265A7ADE00C87CEA = {
						CreatedOnToolsVersion = 12.5;
					};
				};
			};
			buildConfigurationList = 83CBB9FA1A601CBA00E9B192 /* Build configuration list for PBXProject "HelloWorld" */;
			compatibilityVersion = "Xcode 12.0";
			developmentRegion = en;
			hasScannedForEncodings = 0;
			knownRegions = (
				en,
				Base,
			);
			mainGroup = 83CBB9F61A601CBA00E9B192;
			productRefGroup = 83CBBA001A601CBA00E9B192 /* Products */;
			projectDirPath = "";
			projectRoot = "";
			targets = (
				13B07F861A680F5B00A75B9A /* HelloWorld */,
				00E356ED1AD99517003FC87E /* HelloWorldTests */,
				B6C52066265A7ADE00C87CEA /* OneSignalNotificationServiceExtension */,
				5D61F0002794B64500F1B349 /* HelloWorldDev */,
			);
		};
/* End PBXProject section */

/* Begin PBXResourcesBuildPhase section */
		00E356EC1AD99517003FC87E /* Resources */ = {
			isa = PBXResourcesBuildPhase;
			buildActionMask = 2147483647;
			files = (
			);
			runOnlyForDeploymentPostprocessing = 0;
		};
		13B07F8E1A680F5B00A75B9A /* Resources */ = {
			isa = PBXResourcesBuildPhase;
			buildActionMask = 2147483647;
			files = (
				B64AC7912650876F00C5840B /* BootSplash.storyboard in Resources */,
				13B07FBF1A68108700A75B9A /* Images.xcassets in Resources */,
				933829EF1EF7402DAF0A9A86 /* RobotoMono-Italic-VariableFont_wght.ttf in Resources */,
				3DB098E9E5B14D32ABE9934C /* RobotoMono-VariableFont_wght.ttf in Resources */,
				68E96F4B4A4D4C8485395456 /* RobotoMono-Bold.ttf in Resources */,
				6A7B0842D9B440788B4B175B /* RobotoMono-BoldItalic.ttf in Resources */,
				78500174840A4B65B77B8CED /* RobotoMono-ExtraLight.ttf in Resources */,
				41440574318747ACB65187C0 /* RobotoMono-ExtraLightItalic.ttf in Resources */,
				1B78DCB0587345AA82E22BC2 /* RobotoMono-Italic.ttf in Resources */,
				FAAFF0ED3A2A41A9AFB8B6F1 /* RobotoMono-Light.ttf in Resources */,
				896AA6A0779B4114A08CB927 /* RobotoMono-LightItalic.ttf in Resources */,
				7B110DB2F39B48B0832460E4 /* RobotoMono-Medium.ttf in Resources */,
				AE9217B3FC39464CBE495E38 /* RobotoMono-MediumItalic.ttf in Resources */,
				E1B6189F80054286927D5380 /* RobotoMono-Regular.ttf in Resources */,
				7224105D10AE4A1DB3ECB443 /* RobotoMono-SemiBold.ttf in Resources */,
				ADE9D5C2F73941B882D38969 /* RobotoMono-SemiBoldItalic.ttf in Resources */,
				19FFC1DB791647F3962AA749 /* RobotoMono-Thin.ttf in Resources */,
				8452E0DEF3C64161890DA05D /* RobotoMono-ThinItalic.ttf in Resources */,
			);
			runOnlyForDeploymentPostprocessing = 0;
		};
		5D61F00B2794B64500F1B349 /* Resources */ = {
			isa = PBXResourcesBuildPhase;
			buildActionMask = 2147483647;
			files = (
				5D61F00C2794B64500F1B349 /* BootSplash.storyboard in Resources */,
				5D61F00D2794B64500F1B349 /* Images.xcassets in Resources */,
				5D61F00E2794B64500F1B349 /* RobotoMono-Italic-VariableFont_wght.ttf in Resources */,
				5D61F00F2794B64500F1B349 /* RobotoMono-VariableFont_wght.ttf in Resources */,
				5D61F0102794B64500F1B349 /* RobotoMono-Bold.ttf in Resources */,
				5D61F0112794B64500F1B349 /* RobotoMono-BoldItalic.ttf in Resources */,
				5D61F0122794B64500F1B349 /* RobotoMono-ExtraLight.ttf in Resources */,
				5D61F0132794B64500F1B349 /* RobotoMono-ExtraLightItalic.ttf in Resources */,
				5D61F0142794B64500F1B349 /* RobotoMono-Italic.ttf in Resources */,
				5D61F0152794B64500F1B349 /* RobotoMono-Light.ttf in Resources */,
				5D61F0162794B64500F1B349 /* RobotoMono-LightItalic.ttf in Resources */,
				5D61F0172794B64500F1B349 /* RobotoMono-Medium.ttf in Resources */,
				5D61F0182794B64500F1B349 /* RobotoMono-MediumItalic.ttf in Resources */,
				5D61F0192794B64500F1B349 /* RobotoMono-Regular.ttf in Resources */,
				5D61F01A2794B64500F1B349 /* RobotoMono-SemiBold.ttf in Resources */,
				5D61F01B2794B64500F1B349 /* RobotoMono-SemiBoldItalic.ttf in Resources */,
				5D61F01C2794B64500F1B349 /* RobotoMono-Thin.ttf in Resources */,
				5D61F01D2794B64500F1B349 /* RobotoMono-ThinItalic.ttf in Resources */,
			);
			runOnlyForDeploymentPostprocessing = 0;
		};
		B6C52065265A7ADE00C87CEA /* Resources */ = {
			isa = PBXResourcesBuildPhase;
			buildActionMask = 2147483647;
			files = (
			);
			runOnlyForDeploymentPostprocessing = 0;
		};
/* End PBXResourcesBuildPhase section */

/* Begin PBXShellScriptBuildPhase section */
		00DD1BFF1BD5951E006B06BC /* Bundle React Native code and images */ = {
			isa = PBXShellScriptBuildPhase;
			buildActionMask = 2147483647;
			files = (
			);
			inputPaths = (
			);
			name = "Bundle React Native code and images";
			outputPaths = (
			);
			runOnlyForDeploymentPostprocessing = 0;
			shellPath = /bin/sh;
		};
		0E08660A3487E3E5368D53CA /* [CP] Check Pods Manifest.lock */ = {
			isa = PBXShellScriptBuildPhase;
			buildActionMask = 2147483647;
			files = (
			);
			inputFileListPaths = (
			);
			inputPaths = (
				"${PODS_PODFILE_DIR_PATH}/Podfile.lock",
				"${PODS_ROOT}/Manifest.lock",
			);
			name = "[CP] Check Pods Manifest.lock";
			outputFileListPaths = (
			);
			outputPaths = (
				"$(DERIVED_FILE_DIR)/Pods-HelloWorld-checkManifestLockResult.txt",
			);
			runOnlyForDeploymentPostprocessing = 0;
			shellPath = /bin/sh;
			shellScript = "diff \"${PODS_PODFILE_DIR_PATH}/Podfile.lock\" \"${PODS_ROOT}/Manifest.lock\" > /dev/null\nif [ $? != 0 ] ; then\n    # print error to STDERR\n    echo \"error: The sandbox is not in sync with the Podfile.lock. Run 'pod install' or update your CocoaPods installation.\" >&2\n    exit 1\nfi\n# This output is used by Xcode 'outputs' to avoid re-running this script phase.\necho \"SUCCESS\" > \"${SCRIPT_OUTPUT_FILE_0}\"\n";
			showEnvVarsInLog = 0;
		};
		2C7D72BC370A57B4DFF2C656 /* [CP] Embed Pods Frameworks */ = {
			isa = PBXShellScriptBuildPhase;
			buildActionMask = 2147483647;
			files = (
			);
			inputFileListPaths = (
				"${PODS_ROOT}/Target Support Files/Pods-HelloWorld Dev/Pods-HelloWorld Dev-frameworks-${CONFIGURATION}-input-files.xcfilelist",
			);
			name = "[CP] Embed Pods Frameworks";
			outputFileListPaths = (
				"${PODS_ROOT}/Target Support Files/Pods-HelloWorld Dev/Pods-HelloWorld Dev-frameworks-${CONFIGURATION}-output-files.xcfilelist",
			);
			runOnlyForDeploymentPostprocessing = 0;
			shellPath = /bin/sh;
			shellScript = "\"${PODS_ROOT}/Target Support Files/Pods-HelloWorld Dev/Pods-HelloWorld Dev-frameworks.sh\"\n";
			showEnvVarsInLog = 0;
		};
		3794C6879AB533EAF2A98646 /* [CP] Copy Pods Resources */ = {
			isa = PBXShellScriptBuildPhase;
			buildActionMask = 2147483647;
			files = (
			);
			inputFileListPaths = (
				"${PODS_ROOT}/Target Support Files/Pods-HelloWorld-OneSignalNotificationServiceExtension/Pods-HelloWorld-OneSignalNotificationServiceExtension-resources-${CONFIGURATION}-input-files.xcfilelist",
			);
			name = "[CP] Copy Pods Resources";
			outputFileListPaths = (
				"${PODS_ROOT}/Target Support Files/Pods-HelloWorld-OneSignalNotificationServiceExtension/Pods-HelloWorld-OneSignalNotificationServiceExtension-resources-${CONFIGURATION}-output-files.xcfilelist",
			);
			runOnlyForDeploymentPostprocessing = 0;
			shellPath = /bin/sh;
			shellScript = "\"${PODS_ROOT}/Target Support Files/Pods-HelloWorld-OneSignalNotificationServiceExtension/Pods-HelloWorld-OneSignalNotificationServiceExtension-resources.sh\"\n";
			showEnvVarsInLog = 0;
		};
		4268C9ACBF5EB0F6CE8E5187 /* [CP] Embed Pods Frameworks */ = {
			isa = PBXShellScriptBuildPhase;
			buildActionMask = 2147483647;
			files = (
			);
			inputFileListPaths = (
				"${PODS_ROOT}/Target Support Files/Pods-HelloWorld/Pods-HelloWorld-frameworks-${CONFIGURATION}-input-files.xcfilelist",
			);
			name = "[CP] Embed Pods Frameworks";
			outputFileListPaths = (
				"${PODS_ROOT}/Target Support Files/Pods-HelloWorld/Pods-HelloWorld-frameworks-${CONFIGURATION}-output-files.xcfilelist",
			);
			runOnlyForDeploymentPostprocessing = 0;
			shellPath = /bin/sh;
			shellScript = "\"${PODS_ROOT}/Target Support Files/Pods-HelloWorld/Pods-HelloWorld-frameworks.sh\"\n";
			showEnvVarsInLog = 0;
		};
		5D61F0042794B64500F1B349 /* Start Packager */ = {
			isa = PBXShellScriptBuildPhase;
			buildActionMask = 2147483647;
			files = (
			);
			inputFileListPaths = (
			);
			inputPaths = (
			);
			name = "Start Packager";
			outputFileListPaths = (
			);
			outputPaths = (
			);
			runOnlyForDeploymentPostprocessing = 0;
			shellPath = /bin/sh;
			shellScript = "export RCT_METRO_PORT=\"${RCT_METRO_PORT:=8081}\"\necho \"export RCT_METRO_PORT=${RCT_METRO_PORT}\" > \"${SRCROOT}/../node_modules/react-native/scripts/.packager.env\"\nif [ -z \"${RCT_NO_LAUNCH_PACKAGER+xxx}\" ] ; then\n  if nc -w 5 -z localhost ${RCT_METRO_PORT} ; then\n    if ! curl -s \"http://localhost:${RCT_METRO_PORT}/status\" | grep -q \"packager-status:running\" ; then\n      echo \"Port ${RCT_METRO_PORT} already in use, packager is either not running or not running correctly\"\n      exit 2\n    fi\n  else\n    open \"$SRCROOT/../node_modules/react-native/scripts/launchPackager.command\" || echo \"Can't start packager automatically\"\n  fi\nfi\n";
			showEnvVarsInLog = 0;
		};
		5D61F01E2794B64500F1B349 /* Bundle React Native code and images */ = {
			isa = PBXShellScriptBuildPhase;
			buildActionMask = 2147483647;
			files = (
			);
			inputPaths = (
			);
			name = "Bundle React Native code and images";
			outputPaths = (
			);
			runOnlyForDeploymentPostprocessing = 0;
			shellPath = /bin/sh;
		};
		6172FE08090ACE2248B7C98A /* [CP] Copy Pods Resources */ = {
			isa = PBXShellScriptBuildPhase;
			buildActionMask = 2147483647;
			files = (
			);
			inputFileListPaths = (
				"${PODS_ROOT}/Target Support Files/Pods-HelloWorld Dev/Pods-HelloWorld Dev-resources-${CONFIGURATION}-input-files.xcfilelist",
			);
			name = "[CP] Copy Pods Resources";
			outputFileListPaths = (
				"${PODS_ROOT}/Target Support Files/Pods-HelloWorld Dev/Pods-HelloWorld Dev-resources-${CONFIGURATION}-output-files.xcfilelist",
			);
			runOnlyForDeploymentPostprocessing = 0;
			shellPath = /bin/sh;
			shellScript = "\"${PODS_ROOT}/Target Support Files/Pods-HelloWorld Dev/Pods-HelloWorld Dev-resources.sh\"\n";
			showEnvVarsInLog = 0;
		};
		6B0EE47CFDD287ED6A89286F /* [CP] Check Pods Manifest.lock */ = {
			isa = PBXShellScriptBuildPhase;
			buildActionMask = 2147483647;
			files = (
			);
			inputFileListPaths = (
			);
			inputPaths = (
				"${PODS_PODFILE_DIR_PATH}/Podfile.lock",
				"${PODS_ROOT}/Manifest.lock",
			);
			name = "[CP] Check Pods Manifest.lock";
			outputFileListPaths = (
			);
			outputPaths = (
				"$(DERIVED_FILE_DIR)/Pods-HelloWorld-OneSignalNotificationServiceExtension-checkManifestLockResult.txt",
			);
			runOnlyForDeploymentPostprocessing = 0;
			shellPath = /bin/sh;
			shellScript = "diff \"${PODS_PODFILE_DIR_PATH}/Podfile.lock\" \"${PODS_ROOT}/Manifest.lock\" > /dev/null\nif [ $? != 0 ] ; then\n    # print error to STDERR\n    echo \"error: The sandbox is not in sync with the Podfile.lock. Run 'pod install' or update your CocoaPods installation.\" >&2\n    exit 1\nfi\n# This output is used by Xcode 'outputs' to avoid re-running this script phase.\necho \"SUCCESS\" > \"${SCRIPT_OUTPUT_FILE_0}\"\n";
			showEnvVarsInLog = 0;
		};
		9EA019045EE43A7375A2E3BC /* [CP] Embed Pods Frameworks */ = {
			isa = PBXShellScriptBuildPhase;
			buildActionMask = 2147483647;
			files = (
			);
			inputFileListPaths = (
				"${PODS_ROOT}/Target Support Files/Pods-HelloWorldTests/Pods-HelloWorldTests-frameworks-${CONFIGURATION}-input-files.xcfilelist",
			);
			name = "[CP] Embed Pods Frameworks";
			outputFileListPaths = (
				"${PODS_ROOT}/Target Support Files/Pods-HelloWorldTests/Pods-HelloWorldTests-frameworks-${CONFIGURATION}-output-files.xcfilelist",
			);
			runOnlyForDeploymentPostprocessing = 0;
			shellPath = /bin/sh;
			shellScript = "\"${PODS_ROOT}/Target Support Files/Pods-HelloWorldTests/Pods-HelloWorldTests-frameworks.sh\"\n";
			showEnvVarsInLog = 0;
		};
		B92A322F5BC412AB6E3510A0 /* [CP] Copy Pods Resources */ = {
			isa = PBXShellScriptBuildPhase;
			buildActionMask = 2147483647;
			files = (
			);
			inputFileListPaths = (
				"${PODS_ROOT}/Target Support Files/Pods-HelloWorld/Pods-HelloWorld-resources-${CONFIGURATION}-input-files.xcfilelist",
			);
			name = "[CP] Copy Pods Resources";
			outputFileListPaths = (
				"${PODS_ROOT}/Target Support Files/Pods-HelloWorld/Pods-HelloWorld-resources-${CONFIGURATION}-output-files.xcfilelist",
			);
			runOnlyForDeploymentPostprocessing = 0;
			shellPath = /bin/sh;
			shellScript = "\"${PODS_ROOT}/Target Support Files/Pods-HelloWorld/Pods-HelloWorld-resources.sh\"\n";
			showEnvVarsInLog = 0;
		};
		C292E070BB86418386F322EE /* [CP] Check Pods Manifest.lock */ = {
			isa = PBXShellScriptBuildPhase;
			buildActionMask = 2147483647;
			files = (
			);
			inputFileListPaths = (
			);
			inputPaths = (
				"${PODS_PODFILE_DIR_PATH}/Podfile.lock",
				"${PODS_ROOT}/Manifest.lock",
			);
			name = "[CP] Check Pods Manifest.lock";
			outputFileListPaths = (
			);
			outputPaths = (
				"$(DERIVED_FILE_DIR)/Pods-HelloWorldTests-checkManifestLockResult.txt",
			);
			runOnlyForDeploymentPostprocessing = 0;
			shellPath = /bin/sh;
			shellScript = "diff \"${PODS_PODFILE_DIR_PATH}/Podfile.lock\" \"${PODS_ROOT}/Manifest.lock\" > /dev/null\nif [ $? != 0 ] ; then\n    # print error to STDERR\n    echo \"error: The sandbox is not in sync with the Podfile.lock. Run 'pod install' or update your CocoaPods installation.\" >&2\n    exit 1\nfi\n# This output is used by Xcode 'outputs' to avoid re-running this script phase.\necho \"SUCCESS\" > \"${SCRIPT_OUTPUT_FILE_0}\"\n";
			showEnvVarsInLog = 0;
		};
		C2C08D9E92F3069822FA91BF /* [CP] Copy Pods Resources */ = {
			isa = PBXShellScriptBuildPhase;
			buildActionMask = 2147483647;
			files = (
			);
			inputFileListPaths = (
				"${PODS_ROOT}/Target Support Files/Pods-HelloWorldTests/Pods-HelloWorldTests-resources-${CONFIGURATION}-input-files.xcfilelist",
			);
			name = "[CP] Copy Pods Resources";
			outputFileListPaths = (
				"${PODS_ROOT}/Target Support Files/Pods-HelloWorldTests/Pods-HelloWorldTests-resources-${CONFIGURATION}-output-files.xcfilelist",
			);
			runOnlyForDeploymentPostprocessing = 0;
			shellPath = /bin/sh;
			shellScript = "\"${PODS_ROOT}/Target Support Files/Pods-HelloWorldTests/Pods-HelloWorldTests-resources.sh\"\n";
			showEnvVarsInLog = 0;
		};
		E0DF0FA6AF532C6262F0860A /* [CP] Check Pods Manifest.lock */ = {
			isa = PBXShellScriptBuildPhase;
			buildActionMask = 2147483647;
			files = (
			);
			inputFileListPaths = (
			);
			inputPaths = (
				"${PODS_PODFILE_DIR_PATH}/Podfile.lock",
				"${PODS_ROOT}/Manifest.lock",
			);
			name = "[CP] Check Pods Manifest.lock";
			outputFileListPaths = (
			);
			outputPaths = (
				"$(DERIVED_FILE_DIR)/Pods-HelloWorld Dev-checkManifestLockResult.txt",
			);
			runOnlyForDeploymentPostprocessing = 0;
			shellPath = /bin/sh;
			shellScript = "diff \"${PODS_PODFILE_DIR_PATH}/Podfile.lock\" \"${PODS_ROOT}/Manifest.lock\" > /dev/null\nif [ $? != 0 ] ; then\n    # print error to STDERR\n    echo \"error: The sandbox is not in sync with the Podfile.lock. Run 'pod install' or update your CocoaPods installation.\" >&2\n    exit 1\nfi\n# This output is used by Xcode 'outputs' to avoid re-running this script phase.\necho \"SUCCESS\" > \"${SCRIPT_OUTPUT_FILE_0}\"\n";
			showEnvVarsInLog = 0;
		};
		FD10A7F022414F080027D42C /* Start Packager */ = {
			isa = PBXShellScriptBuildPhase;
			buildActionMask = 2147483647;
			files = (
			);
			inputFileListPaths = (
			);
			inputPaths = (
			);
			name = "Start Packager";
			outputFileListPaths = (
			);
			outputPaths = (
			);
			runOnlyForDeploymentPostprocessing = 0;
			shellPath = /bin/sh;
			shellScript = "export RCT_METRO_PORT=\"${RCT_METRO_PORT:=8081}\"\necho \"export RCT_METRO_PORT=${RCT_METRO_PORT}\" > \"${SRCROOT}/../node_modules/react-native/scripts/.packager.env\"\nif [ -z \"${RCT_NO_LAUNCH_PACKAGER+xxx}\" ] ; then\n  if nc -w 5 -z localhost ${RCT_METRO_PORT} ; then\n    if ! curl -s \"http://localhost:${RCT_METRO_PORT}/status\" | grep -q \"packager-status:running\" ; then\n      echo \"Port ${RCT_METRO_PORT} already in use, packager is either not running or not running correctly\"\n      exit 2\n    fi\n  else\n    open \"$SRCROOT/../node_modules/react-native/scripts/launchPackager.command\" || echo \"Can't start packager automatically\"\n  fi\nfi\n";
			showEnvVarsInLog = 0;
		};
/* End PBXShellScriptBuildPhase section */

/* Begin PBXSourcesBuildPhase section */
		00E356EA1AD99517003FC87E /* Sources */ = {
			isa = PBXSourcesBuildPhase;
			buildActionMask = 2147483647;
			files = (
				00E356F31AD99517003FC87E /* HelloWorldTests.m in Sources */,
			);
			runOnlyForDeploymentPostprocessing = 0;
		};
		13B07F871A680F5B00A75B9A /* Sources */ = {
			isa = PBXSourcesBuildPhase;
			buildActionMask = 2147483647;
			files = (
				13B07FBC1A68108700A75B9A /* AppDelegate.m in Sources */,
				B6783F3B26532CA4005F0881 /* File.swift in Sources */,
				13B07FC11A68108700A75B9A /* main.m in Sources */,
			);
			runOnlyForDeploymentPostprocessing = 0;
		};
		5D61F0052794B64500F1B349 /* Sources */ = {
			isa = PBXSourcesBuildPhase;
			buildActionMask = 2147483647;
			files = (
				5D61F0062794B64500F1B349 /* AppDelegate.m in Sources */,
				5D61F0072794B64500F1B349 /* File.swift in Sources */,
				5D61F0082794B64500F1B349 /* main.m in Sources */,
			);
			runOnlyForDeploymentPostprocessing = 0;
		};
		B6C52063265A7ADE00C87CEA /* Sources */ = {
			isa = PBXSourcesBuildPhase;
			buildActionMask = 2147483647;
			files = (
				B6C5206A265A7ADE00C87CEA /* NotificationService.swift in Sources */,
			);
			runOnlyForDeploymentPostprocessing = 0;
		};
/* End PBXSourcesBuildPhase section */

/* Begin PBXTargetDependency section */
		00E356F51AD99517003FC87E /* PBXTargetDependency */ = {
			isa = PBXTargetDependency;
			target = 13B07F861A680F5B00A75B9A /* HelloWorld */;
			targetProxy = 00E356F41AD99517003FC87E /* PBXContainerItemProxy */;
		};
		5D61F0012794B64500F1B349 /* PBXTargetDependency */ = {
			isa = PBXTargetDependency;
			target = B6C52066265A7ADE00C87CEA /* OneSignalNotificationServiceExtension */;
			targetProxy = 5D61F0022794B64500F1B349 /* PBXContainerItemProxy */;
		};
		B6C5206D265A7ADE00C87CEA /* PBXTargetDependency */ = {
			isa = PBXTargetDependency;
			target = B6C52066265A7ADE00C87CEA /* OneSignalNotificationServiceExtension */;
			targetProxy = B6C5206C265A7ADE00C87CEA /* PBXContainerItemProxy */;
		};
/* End PBXTargetDependency section */

/* Begin XCBuildConfiguration section */
		00E356F61AD99517003FC87E /* Debug */ = {
			isa = XCBuildConfiguration;
			baseConfigurationReference = 7323D76BCAB0398B0B58703C /* Pods-HelloWorldTests.debug.xcconfig */;
			buildSettings = {
				ALWAYS_EMBED_SWIFT_STANDARD_LIBRARIES = YES;
				BUNDLE_LOADER = "$(TEST_HOST)";
				GCC_PREPROCESSOR_DEFINITIONS = (
					"DEBUG=1",
					"$(inherited)",
				);
				INFOPLIST_FILE = HelloWorldTests/Info.plist;
				IPHONEOS_DEPLOYMENT_TARGET = 12.0;
				LD_RUNPATH_SEARCH_PATHS = (
					"$(inherited)",
					"@executable_path/Frameworks",
					"@loader_path/Frameworks",
				);
				OTHER_LDFLAGS = (
					"-ObjC",
					"-lc++",
					"$(inherited)",
				);
				PRODUCT_BUNDLE_IDENTIFIER = "org.reactjs.native.example.$(PRODUCT_NAME:rfc1034identifier)";
				PRODUCT_NAME = "$(TARGET_NAME)";
				TEST_HOST = "$(BUILT_PRODUCTS_DIR)/HelloWorld.app/HelloWorld";
			};
			name = Debug;
		};
		00E356F71AD99517003FC87E /* Release */ = {
			isa = XCBuildConfiguration;
			baseConfigurationReference = D514854D225EBB2E9DA9E658 /* Pods-HelloWorldTests.release.xcconfig */;
			buildSettings = {
				ALWAYS_EMBED_SWIFT_STANDARD_LIBRARIES = YES;
				BUNDLE_LOADER = "$(TEST_HOST)";
				COPY_PHASE_STRIP = NO;
				INFOPLIST_FILE = HelloWorldTests/Info.plist;
				IPHONEOS_DEPLOYMENT_TARGET = 12.0;
				LD_RUNPATH_SEARCH_PATHS = (
					"$(inherited)",
					"@executable_path/Frameworks",
					"@loader_path/Frameworks",
				);
				OTHER_LDFLAGS = (
					"-ObjC",
					"-lc++",
					"$(inherited)",
				);
				PRODUCT_BUNDLE_IDENTIFIER = "org.reactjs.native.example.$(PRODUCT_NAME:rfc1034identifier)";
				PRODUCT_NAME = "$(TARGET_NAME)";
				TEST_HOST = "$(BUILT_PRODUCTS_DIR)/HelloWorld.app/HelloWorld";
			};
			name = Release;
		};
		13B07F941A680F5B00A75B9A /* Debug */ = {
			isa = XCBuildConfiguration;
			baseConfigurationReference = 7D6130DED4D975D2CA0647A0 /* Pods-HelloWorld.debug.xcconfig */;
			buildSettings = {
				ALWAYS_EMBED_SWIFT_STANDARD_LIBRARIES = YES;
				APPLICATION_EXTENSION_API_ONLY = NO;
				ASSETCATALOG_COMPILER_APPICON_NAME = AppIcon;
				CLANG_ENABLE_MODULES = YES;
				CODE_SIGN_ENTITLEMENTS = HelloWorld/HelloWorld.entitlements;
				CURRENT_PROJECT_VERSION = 7;
				DEVELOPMENT_TEAM = 496A6BKSD5;
				ENABLE_BITCODE = NO;
				INFOPLIST_FILE = HelloWorld/Info.plist;
				LD_RUNPATH_SEARCH_PATHS = (
					"$(inherited)",
					"@executable_path/Frameworks",
				);
				OTHER_LDFLAGS = (
					"$(inherited)",
					"-ObjC",
					"-lc++",
				);
				PRODUCT_BUNDLE_IDENTIFIER = react.native.example.HelloWorld;
				PRODUCT_NAME = HelloWorld;
				SWIFT_OBJC_BRIDGING_HEADER = "HelloWorld-Bridging-Header.h";
				SWIFT_OPTIMIZATION_LEVEL = "-Onone";
				SWIFT_VERSION = 5.0;
				TARGETED_DEVICE_FAMILY = "1,2";
				VERSIONING_SYSTEM = "apple-generic";
			};
			name = Debug;
		};
		13B07F951A680F5B00A75B9A /* Release */ = {
			isa = XCBuildConfiguration;
			baseConfigurationReference = 782E534E61899D3386B976BE /* Pods-HelloWorld.release.xcconfig */;
			buildSettings = {
				ALWAYS_EMBED_SWIFT_STANDARD_LIBRARIES = YES;
				APPLICATION_EXTENSION_API_ONLY = NO;
				ASSETCATALOG_COMPILER_APPICON_NAME = AppIcon;
				CLANG_ENABLE_MODULES = YES;
				CODE_SIGN_ENTITLEMENTS = HelloWorld/HelloWorld.entitlements;
				CURRENT_PROJECT_VERSION = 7;
				INFOPLIST_FILE = HelloWorld/Info.plist;
				LD_RUNPATH_SEARCH_PATHS = (
					"$(inherited)",
					"@executable_path/Frameworks",
				);
				OTHER_LDFLAGS = (
					"$(inherited)",
					"-ObjC",
					"-lc++",
				);
				PRODUCT_BUNDLE_IDENTIFIER = react.native.example.HelloWorld;
				PRODUCT_NAME = HelloWorld;
				SWIFT_OBJC_BRIDGING_HEADER = "HelloWorld-Bridging-Header.h";
				SWIFT_VERSION = 5.0;
				TARGETED_DEVICE_FAMILY = "1,2";
				VERSIONING_SYSTEM = "apple-generic";
			};
			name = Release;
		};
		5D61F0242794B64500F1B349 /* Debug */ = {
			isa = XCBuildConfiguration;
			baseConfigurationReference = 3DEC77E0F75189F1FC8A2332 /* Pods-HelloWorld Dev.debug.xcconfig */;
			buildSettings = {
				ALWAYS_EMBED_SWIFT_STANDARD_LIBRARIES = YES;
				APPLICATION_EXTENSION_API_ONLY = NO;
				ASSETCATALOG_COMPILER_APPICON_NAME = AppIcon;
				CLANG_ENABLE_MODULES = YES;
				CODE_SIGN_ENTITLEMENTS = HelloWorld/HelloWorld.entitlements;
				CURRENT_PROJECT_VERSION = 7;
				DEVELOPMENT_TEAM = 496A6BKSD5;
				ENABLE_BITCODE = NO;
				INFOPLIST_FILE = HelloWorld/Info.plist;
				LD_RUNPATH_SEARCH_PATHS = (
					"$(inherited)",
					"@executable_path/Frameworks",
				);
				OTHER_LDFLAGS = (
					"$(inherited)",
					"-ObjC",
					"-lc++",
				);
				PRODUCT_BUNDLE_IDENTIFIER = react.native.example.HelloWorld;
				PRODUCT_NAME = "$(TARGET_NAME)";
				SWIFT_OBJC_BRIDGING_HEADER = "HelloWorld-Bridging-Header.h";
				SWIFT_OPTIMIZATION_LEVEL = "-Onone";
				SWIFT_VERSION = 5.0;
				VERSIONING_SYSTEM = "apple-generic";
			};
			name = Debug;
		};
		5D61F0252794B64500F1B349 /* Release */ = {
			isa = XCBuildConfiguration;
			baseConfigurationReference = 31186566468DF61657B1BF30 /* Pods-HelloWorld Dev.release.xcconfig */;
			buildSettings = {
				ALWAYS_EMBED_SWIFT_STANDARD_LIBRARIES = YES;
				APPLICATION_EXTENSION_API_ONLY = NO;
				ASSETCATALOG_COMPILER_APPICON_NAME = AppIcon;
				CLANG_ENABLE_MODULES = YES;
				CODE_SIGN_ENTITLEMENTS = HelloWorld/HelloWorld.entitlements;
				CURRENT_PROJECT_VERSION = 7;
				INFOPLIST_FILE = HelloWorld/Info.plist;
				LD_RUNPATH_SEARCH_PATHS = (
					"$(inherited)",
					"@executable_path/Frameworks",
				);
				OTHER_LDFLAGS = (
					"$(inherited)",
					"-ObjC",
					"-lc++",
				);
				PRODUCT_BUNDLE_IDENTIFIER = react.native.example.HelloWorld;
				PRODUCT_NAME = "$(TARGET_NAME)";
				SWIFT_OBJC_BRIDGING_HEADER = "HelloWorld-Bridging-Header.h";
				SWIFT_VERSION = 5.0;
				VERSIONING_SYSTEM = "apple-generic";
			};
			name = Release;
		};
		83CBBA201A601CBA00E9B192 /* Debug */ = {
			isa = XCBuildConfiguration;
			buildSettings = {
				ALWAYS_SEARCH_USER_PATHS = NO;
				CLANG_ANALYZER_LOCALIZABILITY_NONLOCALIZED = YES;
				CLANG_CXX_LANGUAGE_STANDARD = "gnu++0x";
				CLANG_CXX_LIBRARY = "libc++";
				CLANG_ENABLE_MODULES = YES;
				CLANG_ENABLE_OBJC_ARC = YES;
				CLANG_WARN_BLOCK_CAPTURE_AUTORELEASING = YES;
				CLANG_WARN_BOOL_CONVERSION = YES;
				CLANG_WARN_COMMA = YES;
				CLANG_WARN_CONSTANT_CONVERSION = YES;
				CLANG_WARN_DEPRECATED_OBJC_IMPLEMENTATIONS = YES;
				CLANG_WARN_DIRECT_OBJC_ISA_USAGE = YES_ERROR;
				CLANG_WARN_EMPTY_BODY = YES;
				CLANG_WARN_ENUM_CONVERSION = YES;
				CLANG_WARN_INFINITE_RECURSION = YES;
				CLANG_WARN_INT_CONVERSION = YES;
				CLANG_WARN_NON_LITERAL_NULL_CONVERSION = YES;
				CLANG_WARN_OBJC_IMPLICIT_RETAIN_SELF = YES;
				CLANG_WARN_OBJC_LITERAL_CONVERSION = YES;
				CLANG_WARN_OBJC_ROOT_CLASS = YES_ERROR;
				CLANG_WARN_QUOTED_INCLUDE_IN_FRAMEWORK_HEADER = YES;
				CLANG_WARN_RANGE_LOOP_ANALYSIS = YES;
				CLANG_WARN_STRICT_PROTOTYPES = YES;
				CLANG_WARN_SUSPICIOUS_MOVE = YES;
				CLANG_WARN_UNREACHABLE_CODE = YES;
				CLANG_WARN__DUPLICATE_METHOD_MATCH = YES;
				"CODE_SIGN_IDENTITY[sdk=iphoneos*]" = "iPhone Developer";
				COPY_PHASE_STRIP = NO;
				ENABLE_STRICT_OBJC_MSGSEND = YES;
				ENABLE_TESTABILITY = YES;
				"EXCLUDED_ARCHS[sdk=iphonesimulator*]" = "arm64 ";
				GCC_C_LANGUAGE_STANDARD = gnu99;
				GCC_DYNAMIC_NO_PIC = NO;
				GCC_NO_COMMON_BLOCKS = YES;
				GCC_OPTIMIZATION_LEVEL = 0;
				GCC_PREPROCESSOR_DEFINITIONS = (
					"DEBUG=1",
					"$(inherited)",
				);
				GCC_SYMBOLS_PRIVATE_EXTERN = NO;
				GCC_WARN_64_TO_32_BIT_CONVERSION = YES;
				GCC_WARN_ABOUT_RETURN_TYPE = YES_ERROR;
				GCC_WARN_UNDECLARED_SELECTOR = YES;
				GCC_WARN_UNINITIALIZED_AUTOS = YES_AGGRESSIVE;
				GCC_WARN_UNUSED_FUNCTION = YES;
				GCC_WARN_UNUSED_VARIABLE = YES;
				IPHONEOS_DEPLOYMENT_TARGET = 12.0;
				LD_RUNPATH_SEARCH_PATHS = (
					/usr/lib/swift,
					"$(inherited)",
				);
				LIBRARY_SEARCH_PATHS = (
					"\"$(TOOLCHAIN_DIR)/usr/lib/swift/$(PLATFORM_NAME)\"",
					"\"$(TOOLCHAIN_DIR)/usr/lib/swift-5.0/$(PLATFORM_NAME)\"",
					"\"$(inherited)\"",
				);
				MTL_ENABLE_DEBUG_INFO = YES;
				ONLY_ACTIVE_ARCH = YES;
				SDKROOT = iphoneos;
			};
			name = Debug;
		};
		83CBBA211A601CBA00E9B192 /* Release */ = {
			isa = XCBuildConfiguration;
			buildSettings = {
				ALWAYS_SEARCH_USER_PATHS = NO;
				CLANG_ANALYZER_LOCALIZABILITY_NONLOCALIZED = YES;
				CLANG_CXX_LANGUAGE_STANDARD = "gnu++0x";
				CLANG_CXX_LIBRARY = "libc++";
				CLANG_ENABLE_MODULES = YES;
				CLANG_ENABLE_OBJC_ARC = YES;
				CLANG_WARN_BLOCK_CAPTURE_AUTORELEASING = YES;
				CLANG_WARN_BOOL_CONVERSION = YES;
				CLANG_WARN_COMMA = YES;
				CLANG_WARN_CONSTANT_CONVERSION = YES;
				CLANG_WARN_DEPRECATED_OBJC_IMPLEMENTATIONS = YES;
				CLANG_WARN_DIRECT_OBJC_ISA_USAGE = YES_ERROR;
				CLANG_WARN_EMPTY_BODY = YES;
				CLANG_WARN_ENUM_CONVERSION = YES;
				CLANG_WARN_INFINITE_RECURSION = YES;
				CLANG_WARN_INT_CONVERSION = YES;
				CLANG_WARN_NON_LITERAL_NULL_CONVERSION = YES;
				CLANG_WARN_OBJC_IMPLICIT_RETAIN_SELF = YES;
				CLANG_WARN_OBJC_LITERAL_CONVERSION = YES;
				CLANG_WARN_OBJC_ROOT_CLASS = YES_ERROR;
				CLANG_WARN_QUOTED_INCLUDE_IN_FRAMEWORK_HEADER = YES;
				CLANG_WARN_RANGE_LOOP_ANALYSIS = YES;
				CLANG_WARN_STRICT_PROTOTYPES = YES;
				CLANG_WARN_SUSPICIOUS_MOVE = YES;
				CLANG_WARN_UNREACHABLE_CODE = YES;
				CLANG_WARN__DUPLICATE_METHOD_MATCH = YES;
				"CODE_SIGN_IDENTITY[sdk=iphoneos*]" = "iPhone Developer";
				COPY_PHASE_STRIP = YES;
				ENABLE_NS_ASSERTIONS = NO;
				ENABLE_STRICT_OBJC_MSGSEND = YES;
				"EXCLUDED_ARCHS[sdk=iphonesimulator*]" = "arm64 ";
				GCC_C_LANGUAGE_STANDARD = gnu99;
				GCC_NO_COMMON_BLOCKS = YES;
				GCC_WARN_64_TO_32_BIT_CONVERSION = YES;
				GCC_WARN_ABOUT_RETURN_TYPE = YES_ERROR;
				GCC_WARN_UNDECLARED_SELECTOR = YES;
				GCC_WARN_UNINITIALIZED_AUTOS = YES_AGGRESSIVE;
				GCC_WARN_UNUSED_FUNCTION = YES;
				GCC_WARN_UNUSED_VARIABLE = YES;
				IPHONEOS_DEPLOYMENT_TARGET = 12.0;
				LD_RUNPATH_SEARCH_PATHS = (
					/usr/lib/swift,
					"$(inherited)",
				);
				LIBRARY_SEARCH_PATHS = (
					"\"$(TOOLCHAIN_DIR)/usr/lib/swift/$(PLATFORM_NAME)\"",
					"\"$(TOOLCHAIN_DIR)/usr/lib/swift-5.0/$(PLATFORM_NAME)\"",
					"\"$(inherited)\"",
				);
				MTL_ENABLE_DEBUG_INFO = NO;
				SDKROOT = iphoneos;
				VALIDATE_PRODUCT = YES;
			};
			name = Release;
		};
		B6C52070265A7ADE00C87CEA /* Debug */ = {
			isa = XCBuildConfiguration;
			baseConfigurationReference = 1925ADCB086500FC819FC19D /* Pods-HelloWorld-OneSignalNotificationServiceExtension.debug.xcconfig */;
			buildSettings = {
				APPLICATION_EXTENSION_API_ONLY = YES;
				CLANG_ANALYZER_NONNULL = YES;
				CLANG_ANALYZER_NUMBER_OBJECT_CONVERSION = YES_AGGRESSIVE;
				CLANG_CXX_LANGUAGE_STANDARD = "gnu++14";
				CLANG_ENABLE_OBJC_WEAK = YES;
				CLANG_WARN_DOCUMENTATION_COMMENTS = YES;
				CLANG_WARN_UNGUARDED_AVAILABILITY = YES_AGGRESSIVE;
				CODE_SIGN_STYLE = Automatic;
				DEBUG_INFORMATION_FORMAT = dwarf;
				GCC_C_LANGUAGE_STANDARD = gnu11;
				INFOPLIST_FILE = OneSignalNotificationServiceExtension/Info.plist;
				IPHONEOS_DEPLOYMENT_TARGET = 10.0;
				LD_RUNPATH_SEARCH_PATHS = (
					"$(inherited)",
					"@executable_path/Frameworks",
					"@executable_path/../../Frameworks",
				);
				MARKETING_VERSION = 0.0.1;
				MTL_ENABLE_DEBUG_INFO = INCLUDE_SOURCE;
				MTL_FAST_MATH = YES;
				PRODUCT_BUNDLE_IDENTIFIER = react.native.example.HelloWorld.OneSignalNotificationServiceExtension;
				PRODUCT_NAME = "$(TARGET_NAME)";
				SKIP_INSTALL = YES;
				SWIFT_ACTIVE_COMPILATION_CONDITIONS = DEBUG;
				SWIFT_OPTIMIZATION_LEVEL = "-Onone";
				SWIFT_VERSION = 5.0;
				TARGETED_DEVICE_FAMILY = "1,2";
			};
			name = Debug;
		};
		B6C52071265A7ADE00C87CEA /* Release */ = {
			isa = XCBuildConfiguration;
			baseConfigurationReference = A8A5C1DB48B1C334894F84FE /* Pods-HelloWorld-OneSignalNotificationServiceExtension.release.xcconfig */;
			buildSettings = {
				APPLICATION_EXTENSION_API_ONLY = YES;
				CLANG_ANALYZER_NONNULL = YES;
				CLANG_ANALYZER_NUMBER_OBJECT_CONVERSION = YES_AGGRESSIVE;
				CLANG_CXX_LANGUAGE_STANDARD = "gnu++14";
				CLANG_ENABLE_OBJC_WEAK = YES;
				CLANG_WARN_DOCUMENTATION_COMMENTS = YES;
				CLANG_WARN_UNGUARDED_AVAILABILITY = YES_AGGRESSIVE;
				CODE_SIGN_STYLE = Automatic;
				COPY_PHASE_STRIP = NO;
				DEBUG_INFORMATION_FORMAT = "dwarf-with-dsym";
				GCC_C_LANGUAGE_STANDARD = gnu11;
				INFOPLIST_FILE = OneSignalNotificationServiceExtension/Info.plist;
				IPHONEOS_DEPLOYMENT_TARGET = 10.0;
				LD_RUNPATH_SEARCH_PATHS = (
					"$(inherited)",
					"@executable_path/Frameworks",
					"@executable_path/../../Frameworks",
				);
				MARKETING_VERSION = 0.0.1;
				MTL_FAST_MATH = YES;
				PRODUCT_BUNDLE_IDENTIFIER = react.native.example.HelloWorld.OneSignalNotificationServiceExtension;
				PRODUCT_NAME = "$(TARGET_NAME)";
				SKIP_INSTALL = YES;
				SWIFT_COMPILATION_MODE = wholemodule;
				SWIFT_OPTIMIZATION_LEVEL = "-O";
				SWIFT_VERSION = 5.0;
				TARGETED_DEVICE_FAMILY = "1,2";
			};
			name = Release;
		};
/* End XCBuildConfiguration section */

/* Begin XCConfigurationList section */
		00E357021AD99517003FC87E /* Build configuration list for PBXNativeTarget "HelloWorldTests" */ = {
			isa = XCConfigurationList;
			buildConfigurations = (
				00E356F61AD99517003FC87E /* Debug */,
				00E356F71AD99517003FC87E /* Release */,
			);
			defaultConfigurationIsVisible = 0;
			defaultConfigurationName = Release;
		};
		13B07F931A680F5B00A75B9A /* Build configuration list for PBXNativeTarget "HelloWorld" */ = {
			isa = XCConfigurationList;
			buildConfigurations = (
				13B07F941A680F5B00A75B9A /* Debug */,
				13B07F951A680F5B00A75B9A /* Release */,
			);
			defaultConfigurationIsVisible = 0;
			defaultConfigurationName = Release;
		};
		5D61F0232794B64500F1B349 /* Build configuration list for PBXNativeTarget "HelloWorldDev" */ = {
			isa = XCConfigurationList;
			buildConfigurations = (
				5D61F0242794B64500F1B349 /* Debug */,
				5D61F0252794B64500F1B349 /* Release */,
			);
			defaultConfigurationIsVisible = 0;
			defaultConfigurationName = Release;
		};
		83CBB9FA1A601CBA00E9B192 /* Build configuration list for PBXProject "HelloWorld" */ = {
			isa = XCConfigurationList;
			buildConfigurations = (
				83CBBA201A601CBA00E9B192 /* Debug */,
				83CBBA211A601CBA00E9B192 /* Release */,
			);
			defaultConfigurationIsVisible = 0;
			defaultConfigurationName = Release;
		};
		B6C5206F265A7ADE00C87CEA /* Build configuration list for PBXNativeTarget "OneSignalNotificationServiceExtension" */ = {
			isa = XCConfigurationList;
			buildConfigurations = (
				B6C52070265A7ADE00C87CEA /* Debug */,
				B6C52071265A7ADE00C87CEA /* Release */,
			);
			defaultConfigurationIsVisible = 0;
			defaultConfigurationName = Release;
		};
/* End XCConfigurationList section */
	};
	rootObject = 83CBB9F71A601CBA00E9B192 /* Project object */;
}
